
Microsoft Visual Studio Solution File, Format Version 12.00
# Visual Studio Version 17
VisualStudioVersion = 17.5.33516.290
MinimumVisualStudioVersion = 10.0.40219.1
Project("{FAE04EC0-301F-11D3-BF4B-00C04F79EFBC}") = "webapp", "webapp.csproj", "{B233359D-204D-4A67-A025-5C5726B1237B}"
EndProject
Global
	GlobalSection(SolutionConfigurationPlatforms) = preSolution
		Debug|Any CPU = Debug|Any CPU
		Release|Any CPU = Release|Any CPU
	EndGlobalSection
	GlobalSection(ProjectConfigurationPlatforms) = postSolution
		{B233359D-204D-4A67-A025-5C5726B1237B}.Debug|Any CPU.ActiveCfg = Debug|Any CPU
		{B233359D-204D-4A67-A025-5C5726B1237B}.Debug|Any CPU.Build.0 = Debug|Any CPU
		{B233359D-204D-4A67-A025-5C5726B1237B}.Release|Any CPU.ActiveCfg = Release|Any CPU
		{B233359D-204D-4A67-A025-5C5726B1237B}.Release|Any CPU.Build.0 = Release|Any CPU
	EndGlobalSection
	GlobalSection(SolutionProperties) = preSolution
		HideSolutionNode = FALSE
	EndGlobalSection
	GlobalSection(ExtensibilityGlobals) = postSolution
		SolutionGuid = {4DC1FCD0-F2EF-42AC-A13B-F606C0D07BE7}
	EndGlobalSection
EndGlobal
